// !$*UTF8*$!
{
	archiveVersion = 1;
	classes = {
	};
	objectVersion = 46;
	objects = {

/* Begin PBXBuildFile section */
		7A05F4561C468C34006573FC /* QuartzCore.framework in Frameworks */ = {isa = PBXBuildFile; fileRef = 7A05F4551C468C34006573FC /* QuartzCore.framework */; };
		7A05F4581C468C89006573FC /* ImageIO.framework in Frameworks */ = {isa = PBXBuildFile; fileRef = 7A05F4571C468C89006573FC /* ImageIO.framework */; };
		7A05F45A1C468CA5006573FC /* SystemConfiguration.framework in Frameworks */ = {isa = PBXBuildFile; fileRef = 7A05F4591C468CA5006573FC /* SystemConfiguration.framework */; };
		7A05F45C1C468CB2006573FC /* Security.framework in Frameworks */ = {isa = PBXBuildFile; fileRef = 7A05F45B1C468CB2006573FC /* Security.framework */; };
		7A05F45E1C468CBF006573FC /* CoreTelephony.framework in Frameworks */ = {isa = PBXBuildFile; fileRef = 7A05F45D1C468CBF006573FC /* CoreTelephony.framework */; };
		7A05F4601C468CCB006573FC /* CoreText.framework in Frameworks */ = {isa = PBXBuildFile; fileRef = 7A05F45F1C468CCB006573FC /* CoreText.framework */; };
		7A05F4621C468CD5006573FC /* UIKit.framework in Frameworks */ = {isa = PBXBuildFile; fileRef = 7A05F4611C468CD5006573FC /* UIKit.framework */; };
		7A05F4641C468CDE006573FC /* Foundation.framework in Frameworks */ = {isa = PBXBuildFile; fileRef = 7A05F4631C468CDE006573FC /* Foundation.framework */; };
		7A05F4661C468CEA006573FC /* CoreGraphics.framework in Frameworks */ = {isa = PBXBuildFile; fileRef = 7A05F4651C468CEA006573FC /* CoreGraphics.framework */; };
		7A05F4681C468CF5006573FC /* libz.tbd in Frameworks */ = {isa = PBXBuildFile; fileRef = 7A05F4671C468CF5006573FC /* libz.tbd */; };
		7A05F46A1C468D01006573FC /* libsqlite3.tbd in Frameworks */ = {isa = PBXBuildFile; fileRef = 7A05F4691C468D01006573FC /* libsqlite3.tbd */; };
		7A07CCBC1C47A4FE002B99B1 /* libc++.tbd in Frameworks */ = {isa = PBXBuildFile; fileRef = 7A07CCBB1C47A4FE002B99B1 /* libc++.tbd */; };
		7A1857ED1C85508700D98CA0 /* ImageTableViewCell.m in Sources */ = {isa = PBXBuildFile; fileRef = 7A1857EB1C85508700D98CA0 /* ImageTableViewCell.m */; };
		7A1857EE1C85508700D98CA0 /* ImageTableViewCell.xib in Resources */ = {isa = PBXBuildFile; fileRef = 7A1857EC1C85508700D98CA0 /* ImageTableViewCell.xib */; };
		7A1857F11C85541600D98CA0 /* DiscoverModel.m in Sources */ = {isa = PBXBuildFile; fileRef = 7A1857F01C85541600D98CA0 /* DiscoverModel.m */; };
		7A1857FC1C85657900D98CA0 /* SearchViewController.m in Sources */ = {isa = PBXBuildFile; fileRef = 7A1857F61C85657900D98CA0 /* SearchViewController.m */; };
		7A1857FD1C85657900D98CA0 /* SeletCityViewController.m in Sources */ = {isa = PBXBuildFile; fileRef = 7A1857F81C85657900D98CA0 /* SeletCityViewController.m */; };
		7A1858041C857F8700D98CA0 /* HWNavigationController.m in Sources */ = {isa = PBXBuildFile; fileRef = 7A1858011C857F8700D98CA0 /* HWNavigationController.m */; };
		7A1858051C857F8700D98CA0 /* UIBarButtonItem+Extension.m in Sources */ = {isa = PBXBuildFile; fileRef = 7A1858031C857F8700D98CA0 /* UIBarButtonItem+Extension.m */; };
		7A2EB2211C7799DF00985F5D /* FindView.storyboard in Resources */ = {isa = PBXBuildFile; fileRef = 7A2EB1A81C7799DF00985F5D /* FindView.storyboard */; };
		7A2EB2241C7799DF00985F5D /* Index.storyboard in Resources */ = {isa = PBXBuildFile; fileRef = 7A2EB1B11C7799DF00985F5D /* Index.storyboard */; };
		7A2EB2261C7799DF00985F5D /* IndexTableViewCell.xib in Resources */ = {isa = PBXBuildFile; fileRef = 7A2EB1B41C7799DF00985F5D /* IndexTableViewCell.xib */; };
		7A2EB2341C7799DF00985F5D /* GoodTableViewCell.xib in Resources */ = {isa = PBXBuildFile; fileRef = 7A2EB1D31C7799DF00985F5D /* GoodTableViewCell.xib */; };
		7A2EB2361C7799DF00985F5D /* HotTableViewCell.xib in Resources */ = {isa = PBXBuildFile; fileRef = 7A2EB1D61C7799DF00985F5D /* HotTableViewCell.xib */; };
		7A2EB23B1C7799DF00985F5D /* ShareView.xib in Resources */ = {isa = PBXBuildFile; fileRef = 7A2EB1DD1C7799DF00985F5D /* ShareView.xib */; };
		7A2EB23E1C7799DF00985F5D /* Ower.storyboard in Resources */ = {isa = PBXBuildFile; fileRef = 7A2EB1E61C7799DF00985F5D /* Ower.storyboard */; };
		7A2EB23F1C7799DF00985F5D /* Bmob_iOS_SDK更新历史.txt in Resources */ = {isa = PBXBuildFile; fileRef = 7A2EB1E91C7799DF00985F5D /* Bmob_iOS_SDK更新历史.txt */; };
		7A2EB2401C7799DF00985F5D /* BmobSDK.framework in Frameworks */ = {isa = PBXBuildFile; fileRef = 7A2EB1EA1C7799DF00985F5D /* BmobSDK.framework */; };
		7A2EB2441C7799DF00985F5D /* blueArrow.png in Resources */ = {isa = PBXBuildFile; fileRef = 7A2EB1FD1C7799DF00985F5D /* blueArrow.png */; };
		7A2EB2451C7799DF00985F5D /* blueArrowDown.png in Resources */ = {isa = PBXBuildFile; fileRef = 7A2EB1FE1C7799DF00985F5D /* blueArrowDown.png */; };
		7A2EB2491C7799DF00985F5D /* libWeChatSDK.a in Frameworks */ = {isa = PBXBuildFile; fileRef = 7A2EB2061C7799DF00985F5D /* libWeChatSDK.a */; };
		7A2EB24A1C7799DF00985F5D /* read_me.txt in Resources */ = {isa = PBXBuildFile; fileRef = 7A2EB2071C7799DF00985F5D /* read_me.txt */; };
		7A41D6541C462BF100F7EF3E /* MessageUI.framework in Frameworks */ = {isa = PBXBuildFile; fileRef = 7A41D6531C462BF100F7EF3E /* MessageUI.framework */; };
		7A8DECF91C85332D0063B278 /* IndexViewController.m in Sources */ = {isa = PBXBuildFile; fileRef = 7A2EB1AC1C7799DF00985F5D /* IndexViewController.m */; };
		7A8DECFA1C85332D0063B278 /* IndexModel.m in Sources */ = {isa = PBXBuildFile; fileRef = 7A2EB1AF1C7799DF00985F5D /* IndexModel.m */; };
		7A8DECFB1C85332D0063B278 /* IndexTableViewCell.m in Sources */ = {isa = PBXBuildFile; fileRef = 7A2EB1B31C7799DF00985F5D /* IndexTableViewCell.m */; };
		7A8DECFC1C85332D0063B278 /* FindViewController.m in Sources */ = {isa = PBXBuildFile; fileRef = 7A2EB1A51C7799DF00985F5D /* FindViewController.m */; };
		7A8DECFD1C85332D0063B278 /* OwerViewController.m in Sources */ = {isa = PBXBuildFile; fileRef = 7A2EB1E31C7799DF00985F5D /* OwerViewController.m */; };
		7A8DECFE1C85332D0063B278 /* AcitivyViewController.m in Sources */ = {isa = PBXBuildFile; fileRef = 7A2EB1B81C7799DF00985F5D /* AcitivyViewController.m */; };
		7A8DECFF1C85332D0063B278 /* ClassFiyViewController.m in Sources */ = {isa = PBXBuildFile; fileRef = 7A2EB1BA1C7799DF00985F5D /* ClassFiyViewController.m */; };
		7A8DED001C85332D0063B278 /* goodViewController.m in Sources */ = {isa = PBXBuildFile; fileRef = 7A2EB1BC1C7799DF00985F5D /* goodViewController.m */; };
		7A8DED011C85332D0063B278 /* hotViewController.m in Sources */ = {isa = PBXBuildFile; fileRef = 7A2EB1BE1C7799DF00985F5D /* hotViewController.m */; };
		7A8DED061C85332D0063B278 /* ThemeViewController.m in Sources */ = {isa = PBXBuildFile; fileRef = 7A2EB1C81C7799DF00985F5D /* ThemeViewController.m */; };
		7A8DED081C85332D0063B278 /* GoodModel.m in Sources */ = {isa = PBXBuildFile; fileRef = 7A2EB1CD1C7799DF00985F5D /* GoodModel.m */; };
		7A8DED091C85332D0063B278 /* ActivityView.m in Sources */ = {isa = PBXBuildFile; fileRef = 7A2EB1D01C7799DF00985F5D /* ActivityView.m */; };
		7A8DED0A1C85332D0063B278 /* GoodTableViewCell.m in Sources */ = {isa = PBXBuildFile; fileRef = 7A2EB1D21C7799DF00985F5D /* GoodTableViewCell.m */; };
		7A8DED0B1C8533540063B278 /* HotTableViewCell.m in Sources */ = {isa = PBXBuildFile; fileRef = 7A2EB1D51C7799DF00985F5D /* HotTableViewCell.m */; };
		7A8DED0D1C8533540063B278 /* ShareView.m in Sources */ = {isa = PBXBuildFile; fileRef = 7A2EB1DC1C7799DF00985F5D /* ShareView.m */; };
		7A8DED0E1C8533540063B278 /* ThemeView.m in Sources */ = {isa = PBXBuildFile; fileRef = 7A2EB1DF1C7799DF00985F5D /* ThemeView.m */; };
		7A8DED0F1C8533540063B278 /* DateTools.m in Sources */ = {isa = PBXBuildFile; fileRef = 7A2EB1EC1C7799DF00985F5D /* DateTools.m */; };
		7A8DED101C8533540063B278 /* UIView+EstensionView.m in Sources */ = {isa = PBXBuildFile; fileRef = 7A2EB20C1C7799DF00985F5D /* UIView+EstensionView.m */; };
		7A8DED111C8533540063B278 /* UIViewController+Common.m in Sources */ = {isa = PBXBuildFile; fileRef = 7A2EB20E1C7799DF00985F5D /* UIViewController+Common.m */; };
		7A8DED121C8533540063B278 /* ProgressHUD.m in Sources */ = {isa = PBXBuildFile; fileRef = 7AAAA1921C79FEFC002E05F3 /* ProgressHUD.m */; };
		7A8DED131C8533540063B278 /* PullingRefreshTableView.m in Sources */ = {isa = PBXBuildFile; fileRef = 7A2EB2041C7799DF00985F5D /* PullingRefreshTableView.m */; settings = {COMPILER_FLAGS = "-fno-objc-arc"; }; };
		7A8DED141C8533540063B278 /* VOContentLayer.m in Sources */ = {isa = PBXBuildFile; fileRef = 7A2EB2111C7799DF00985F5D /* VOContentLayer.m */; };
		7A8DED151C8533540063B278 /* VOIndicatorAnimation.m in Sources */ = {isa = PBXBuildFile; fileRef = 7A2EB2131C7799DF00985F5D /* VOIndicatorAnimation.m */; };
		7A8DED161C8533540063B278 /* VOSegment.m in Sources */ = {isa = PBXBuildFile; fileRef = 7A2EB2151C7799DF00985F5D /* VOSegment.m */; };
		7A8DED171C8533540063B278 /* VOSegmentedControl.m in Sources */ = {isa = PBXBuildFile; fileRef = 7A2EB2171C7799DF00985F5D /* VOSegmentedControl.m */; };
		7A8DED181C8533540063B278 /* AppDelegate.m in Sources */ = {isa = PBXBuildFile; fileRef = 7ADD427F1C3A1C0A007A577C /* AppDelegate.m */; };
		7A8DED191C8533540063B278 /* main.m in Sources */ = {isa = PBXBuildFile; fileRef = 7ADD427C1C3A1C09007A577C /* main.m */; };
		7A8DED1C1C853F7C0063B278 /* HWTitleButton.m in Sources */ = {isa = PBXBuildFile; fileRef = 7A8DED1B1C853F7C0063B278 /* HWTitleButton.m */; };
		7A8DED1F1C85406A0063B278 /* UIView+Extension.m in Sources */ = {isa = PBXBuildFile; fileRef = 7A8DED1E1C85406A0063B278 /* UIView+Extension.m */; };
		7A9A0D401C85B55C00ABD053 /* Foundation+Log.m in Sources */ = {isa = PBXBuildFile; fileRef = 7A9A0D3F1C85B55C00ABD053 /* Foundation+Log.m */; };
		7AAAA1931C79FEFC002E05F3 /* ProgressHUD.bundle in Resources */ = {isa = PBXBuildFile; fileRef = 7AAAA1901C79FEFC002E05F3 /* ProgressHUD.bundle */; };
		7AB0378F1C86851800AA17AE /* HeadCollectionReusableView.m in Sources */ = {isa = PBXBuildFile; fileRef = 7AB0378D1C86851800AA17AE /* HeadCollectionReusableView.m */; };
		7AB037901C86851800AA17AE /* HeadCollectionReusableView.xib in Resources */ = {isa = PBXBuildFile; fileRef = 7AB0378E1C86851800AA17AE /* HeadCollectionReusableView.xib */; };
		7AB037931C86852300AA17AE /* FootCollectionReusableView.m in Sources */ = {isa = PBXBuildFile; fileRef = 7AB037921C86852300AA17AE /* FootCollectionReusableView.m */; };
		7AB037A11C86F2D300AA17AE /* LoginViewController.m in Sources */ = {isa = PBXBuildFile; fileRef = 7AB0379E1C86F2D300AA17AE /* LoginViewController.m */; };
		7AB037A21C86F2D300AA17AE /* RegisterViewController.m in Sources */ = {isa = PBXBuildFile; fileRef = 7AB037A01C86F2D300AA17AE /* RegisterViewController.m */; };
		7AB037A41C86F31400AA17AE /* Login.storyboard in Resources */ = {isa = PBXBuildFile; fileRef = 7AB037A31C86F31400AA17AE /* Login.storyboard */; };
		7AB037A71C86F60C00AA17AE /* ShareViewController.m in Sources */ = {isa = PBXBuildFile; fileRef = 7AB037A61C86F60C00AA17AE /* ShareViewController.m */; };
		7AD7D1391C77A2570055CD71 /* libWeiboSDK.a in Frameworks */ = {isa = PBXBuildFile; fileRef = 7AD7D12D1C77A2570055CD71 /* libWeiboSDK.a */; };
		7AD7D13A1C77A2570055CD71 /* WeiboSDK.bundle in Resources */ = {isa = PBXBuildFile; fileRef = 7AD7D1361C77A2570055CD71 /* WeiboSDK.bundle */; };
		7ADD42821C3A1C0A007A577C /* Assets.xcassets in Resources */ = {isa = PBXBuildFile; fileRef = 7ADD42811C3A1C0A007A577C /* Assets.xcassets */; };
		7ADD42851C3A1C0A007A577C /* LaunchScreen.storyboard in Resources */ = {isa = PBXBuildFile; fileRef = 7ADD42831C3A1C0A007A577C /* LaunchScreen.storyboard */; };
		7ADDD56E1C871AD7003E7174 /* TabBarViewController.m in Sources */ = {isa = PBXBuildFile; fileRef = 7ADDD56D1C871AD7003E7174 /* TabBarViewController.m */; };
		7AE71FAE1C48EA3500E71322 /* CoreLocation.framework in Frameworks */ = {isa = PBXBuildFile; fileRef = 7AE71FAD1C48EA3400E71322 /* CoreLocation.framework */; };
		7AE71FB01C48EA5D00E71322 /* MobileCoreServices.framework in Frameworks */ = {isa = PBXBuildFile; fileRef = 7AE71FAF1C48EA5D00E71322 /* MobileCoreServices.framework */; };
		7AE71FB21C48EA7000E71322 /* CFNetwork.framework in Frameworks */ = {isa = PBXBuildFile; fileRef = 7AE71FB11C48EA7000E71322 /* CFNetwork.framework */; };
		7AE71FB41C48EA8E00E71322 /* libz.1.2.5.tbd in Frameworks */ = {isa = PBXBuildFile; fileRef = 7AE71FB31C48EA8E00E71322 /* libz.1.2.5.tbd */; };
		7AE71FB61C48EA9F00E71322 /* libicucore.tbd in Frameworks */ = {isa = PBXBuildFile; fileRef = 7AE71FB51C48EA9F00E71322 /* libicucore.tbd */; };
		7AE71FB81C48EAB100E71322 /* AVFoundation.framework in Frameworks */ = {isa = PBXBuildFile; fileRef = 7AE71FB71C48EAB100E71322 /* AVFoundation.framework */; };
		7AE71FBA1C48EAC000E71322 /* MediaPlayer.framework in Frameworks */ = {isa = PBXBuildFile; fileRef = 7AE71FB91C48EAC000E71322 /* MediaPlayer.framework */; };
		ABB14E920E065F811EED5453 /* libPods.a in Frameworks */ = {isa = PBXBuildFile; fileRef = 7A05F4471C468950006573FC /* libPods.a */; };
/* End PBXBuildFile section */

/* Begin PBXFileReference section */
		1B904BEC016DF9D460C49137 /* Pods.release.xcconfig */ = {isa = PBXFileReference; includeInIndex = 1; lastKnownFileType = text.xcconfig; name = Pods.release.xcconfig; path = "Pods/Target Support Files/Pods/Pods.release.xcconfig"; sourceTree = "<group>"; };
		24A339A741248407DAC6B111 /* Pods.debug.xcconfig */ = {isa = PBXFileReference; includeInIndex = 1; lastKnownFileType = text.xcconfig; name = Pods.debug.xcconfig; path = "Pods/Target Support Files/Pods/Pods.debug.xcconfig"; sourceTree = "<group>"; };
		7A05F4471C468950006573FC /* libPods.a */ = {isa = PBXFileReference; lastKnownFileType = archive.ar; path = libPods.a; sourceTree = "<group>"; };
		7A05F4551C468C34006573FC /* QuartzCore.framework */ = {isa = PBXFileReference; lastKnownFileType = wrapper.framework; name = QuartzCore.framework; path = System/Library/Frameworks/QuartzCore.framework; sourceTree = SDKROOT; };
		7A05F4571C468C89006573FC /* ImageIO.framework */ = {isa = PBXFileReference; lastKnownFileType = wrapper.framework; name = ImageIO.framework; path = System/Library/Frameworks/ImageIO.framework; sourceTree = SDKROOT; };
		7A05F4591C468CA5006573FC /* SystemConfiguration.framework */ = {isa = PBXFileReference; lastKnownFileType = wrapper.framework; name = SystemConfiguration.framework; path = System/Library/Frameworks/SystemConfiguration.framework; sourceTree = SDKROOT; };
		7A05F45B1C468CB2006573FC /* Security.framework */ = {isa = PBXFileReference; lastKnownFileType = wrapper.framework; name = Security.framework; path = System/Library/Frameworks/Security.framework; sourceTree = SDKROOT; };
		7A05F45D1C468CBF006573FC /* CoreTelephony.framework */ = {isa = PBXFileReference; lastKnownFileType = wrapper.framework; name = CoreTelephony.framework; path = System/Library/Frameworks/CoreTelephony.framework; sourceTree = SDKROOT; };
		7A05F45F1C468CCB006573FC /* CoreText.framework */ = {isa = PBXFileReference; lastKnownFileType = wrapper.framework; name = CoreText.framework; path = System/Library/Frameworks/CoreText.framework; sourceTree = SDKROOT; };
		7A05F4611C468CD5006573FC /* UIKit.framework */ = {isa = PBXFileReference; lastKnownFileType = wrapper.framework; name = UIKit.framework; path = System/Library/Frameworks/UIKit.framework; sourceTree = SDKROOT; };
		7A05F4631C468CDE006573FC /* Foundation.framework */ = {isa = PBXFileReference; lastKnownFileType = wrapper.framework; name = Foundation.framework; path = System/Library/Frameworks/Foundation.framework; sourceTree = SDKROOT; };
		7A05F4651C468CEA006573FC /* CoreGraphics.framework */ = {isa = PBXFileReference; lastKnownFileType = wrapper.framework; name = CoreGraphics.framework; path = System/Library/Frameworks/CoreGraphics.framework; sourceTree = SDKROOT; };
		7A05F4671C468CF5006573FC /* libz.tbd */ = {isa = PBXFileReference; lastKnownFileType = "sourcecode.text-based-dylib-definition"; name = libz.tbd; path = usr/lib/libz.tbd; sourceTree = SDKROOT; };
		7A05F4691C468D01006573FC /* libsqlite3.tbd */ = {isa = PBXFileReference; lastKnownFileType = "sourcecode.text-based-dylib-definition"; name = libsqlite3.tbd; path = usr/lib/libsqlite3.tbd; sourceTree = SDKROOT; };
		7A05F46B1C468D77006573FC /* libPods.a */ = {isa = PBXFileReference; lastKnownFileType = archive.ar; name = libPods.a; path = "Pods/../build/Debug-iphoneos/libPods.a"; sourceTree = "<group>"; };
		7A07CCBB1C47A4FE002B99B1 /* libc++.tbd */ = {isa = PBXFileReference; lastKnownFileType = "sourcecode.text-based-dylib-definition"; name = "libc++.tbd"; path = "usr/lib/libc++.tbd"; sourceTree = SDKROOT; };
		7A1857EA1C85508700D98CA0 /* ImageTableViewCell.h */ = {isa = PBXFileReference; fileEncoding = 4; lastKnownFileType = sourcecode.c.h; path = ImageTableViewCell.h; sourceTree = "<group>"; };
		7A1857EB1C85508700D98CA0 /* ImageTableViewCell.m */ = {isa = PBXFileReference; fileEncoding = 4; lastKnownFileType = sourcecode.c.objc; path = ImageTableViewCell.m; sourceTree = "<group>"; };
		7A1857EC1C85508700D98CA0 /* ImageTableViewCell.xib */ = {isa = PBXFileReference; fileEncoding = 4; lastKnownFileType = file.xib; path = ImageTableViewCell.xib; sourceTree = "<group>"; };
		7A1857EF1C85541600D98CA0 /* DiscoverModel.h */ = {isa = PBXFileReference; fileEncoding = 4; lastKnownFileType = sourcecode.c.h; path = DiscoverModel.h; sourceTree = "<group>"; };
		7A1857F01C85541600D98CA0 /* DiscoverModel.m */ = {isa = PBXFileReference; fileEncoding = 4; lastKnownFileType = sourcecode.c.objc; path = DiscoverModel.m; sourceTree = "<group>"; };
		7A1857F51C85657900D98CA0 /* SearchViewController.h */ = {isa = PBXFileReference; fileEncoding = 4; lastKnownFileType = sourcecode.c.h; path = SearchViewController.h; sourceTree = "<group>"; };
		7A1857F61C85657900D98CA0 /* SearchViewController.m */ = {isa = PBXFileReference; fileEncoding = 4; lastKnownFileType = sourcecode.c.objc; path = SearchViewController.m; sourceTree = "<group>"; };
		7A1857F71C85657900D98CA0 /* SeletCityViewController.h */ = {isa = PBXFileReference; fileEncoding = 4; lastKnownFileType = sourcecode.c.h; path = SeletCityViewController.h; sourceTree = "<group>"; };
		7A1857F81C85657900D98CA0 /* SeletCityViewController.m */ = {isa = PBXFileReference; fileEncoding = 4; lastKnownFileType = sourcecode.c.objc; path = SeletCityViewController.m; sourceTree = "<group>"; };
		7A1858001C857F8700D98CA0 /* HWNavigationController.h */ = {isa = PBXFileReference; fileEncoding = 4; lastKnownFileType = sourcecode.c.h; path = HWNavigationController.h; sourceTree = "<group>"; };
		7A1858011C857F8700D98CA0 /* HWNavigationController.m */ = {isa = PBXFileReference; fileEncoding = 4; lastKnownFileType = sourcecode.c.objc; path = HWNavigationController.m; sourceTree = "<group>"; };
		7A1858021C857F8700D98CA0 /* UIBarButtonItem+Extension.h */ = {isa = PBXFileReference; fileEncoding = 4; lastKnownFileType = sourcecode.c.h; path = "UIBarButtonItem+Extension.h"; sourceTree = "<group>"; };
		7A1858031C857F8700D98CA0 /* UIBarButtonItem+Extension.m */ = {isa = PBXFileReference; fileEncoding = 4; lastKnownFileType = sourcecode.c.objc; path = "UIBarButtonItem+Extension.m"; sourceTree = "<group>"; };
		7A2EB1A41C7799DF00985F5D /* FindViewController.h */ = {isa = PBXFileReference; fileEncoding = 4; lastKnownFileType = sourcecode.c.h; path = FindViewController.h; sourceTree = "<group>"; };
		7A2EB1A51C7799DF00985F5D /* FindViewController.m */ = {isa = PBXFileReference; fileEncoding = 4; lastKnownFileType = sourcecode.c.objc; path = FindViewController.m; sourceTree = "<group>"; };
		7A2EB1A81C7799DF00985F5D /* FindView.storyboard */ = {isa = PBXFileReference; fileEncoding = 4; lastKnownFileType = file.storyboard; path = FindView.storyboard; sourceTree = "<group>"; };
		7A2EB1AB1C7799DF00985F5D /* IndexViewController.h */ = {isa = PBXFileReference; fileEncoding = 4; lastKnownFileType = sourcecode.c.h; path = IndexViewController.h; sourceTree = "<group>"; };
		7A2EB1AC1C7799DF00985F5D /* IndexViewController.m */ = {isa = PBXFileReference; fileEncoding = 4; lastKnownFileType = sourcecode.c.objc; path = IndexViewController.m; sourceTree = "<group>"; };
		7A2EB1AE1C7799DF00985F5D /* IndexModel.h */ = {isa = PBXFileReference; fileEncoding = 4; lastKnownFileType = sourcecode.c.h; path = IndexModel.h; sourceTree = "<group>"; };
		7A2EB1AF1C7799DF00985F5D /* IndexModel.m */ = {isa = PBXFileReference; fileEncoding = 4; lastKnownFileType = sourcecode.c.objc; path = IndexModel.m; sourceTree = "<group>"; };
		7A2EB1B11C7799DF00985F5D /* Index.storyboard */ = {isa = PBXFileReference; fileEncoding = 4; lastKnownFileType = file.storyboard; path = Index.storyboard; sourceTree = "<group>"; };
		7A2EB1B21C7799DF00985F5D /* IndexTableViewCell.h */ = {isa = PBXFileReference; fileEncoding = 4; lastKnownFileType = sourcecode.c.h; path = IndexTableViewCell.h; sourceTree = "<group>"; };
		7A2EB1B31C7799DF00985F5D /* IndexTableViewCell.m */ = {isa = PBXFileReference; fileEncoding = 4; lastKnownFileType = sourcecode.c.objc; path = IndexTableViewCell.m; sourceTree = "<group>"; };
		7A2EB1B41C7799DF00985F5D /* IndexTableViewCell.xib */ = {isa = PBXFileReference; fileEncoding = 4; lastKnownFileType = file.xib; path = IndexTableViewCell.xib; sourceTree = "<group>"; };
		7A2EB1B71C7799DF00985F5D /* AcitivyViewController.h */ = {isa = PBXFileReference; fileEncoding = 4; lastKnownFileType = sourcecode.c.h; path = AcitivyViewController.h; sourceTree = "<group>"; };
		7A2EB1B81C7799DF00985F5D /* AcitivyViewController.m */ = {isa = PBXFileReference; fileEncoding = 4; lastKnownFileType = sourcecode.c.objc; path = AcitivyViewController.m; sourceTree = "<group>"; };
		7A2EB1B91C7799DF00985F5D /* ClassFiyViewController.h */ = {isa = PBXFileReference; fileEncoding = 4; lastKnownFileType = sourcecode.c.h; path = ClassFiyViewController.h; sourceTree = "<group>"; };
		7A2EB1BA1C7799DF00985F5D /* ClassFiyViewController.m */ = {isa = PBXFileReference; fileEncoding = 4; lastKnownFileType = sourcecode.c.objc; path = ClassFiyViewController.m; sourceTree = "<group>"; };
		7A2EB1BB1C7799DF00985F5D /* goodViewController.h */ = {isa = PBXFileReference; fileEncoding = 4; lastKnownFileType = sourcecode.c.h; path = goodViewController.h; sourceTree = "<group>"; };
		7A2EB1BC1C7799DF00985F5D /* goodViewController.m */ = {isa = PBXFileReference; fileEncoding = 4; lastKnownFileType = sourcecode.c.objc; path = goodViewController.m; sourceTree = "<group>"; };
		7A2EB1BD1C7799DF00985F5D /* hotViewController.h */ = {isa = PBXFileReference; fileEncoding = 4; lastKnownFileType = sourcecode.c.h; path = hotViewController.h; sourceTree = "<group>"; };
		7A2EB1BE1C7799DF00985F5D /* hotViewController.m */ = {isa = PBXFileReference; fileEncoding = 4; lastKnownFileType = sourcecode.c.objc; path = hotViewController.m; sourceTree = "<group>"; };
		7A2EB1C71C7799DF00985F5D /* ThemeViewController.h */ = {isa = PBXFileReference; fileEncoding = 4; lastKnownFileType = sourcecode.c.h; path = ThemeViewController.h; sourceTree = "<group>"; };
		7A2EB1C81C7799DF00985F5D /* ThemeViewController.m */ = {isa = PBXFileReference; fileEncoding = 4; lastKnownFileType = sourcecode.c.objc; path = ThemeViewController.m; sourceTree = "<group>"; };
		7A2EB1CC1C7799DF00985F5D /* GoodModel.h */ = {isa = PBXFileReference; fileEncoding = 4; lastKnownFileType = sourcecode.c.h; path = GoodModel.h; sourceTree = "<group>"; };
		7A2EB1CD1C7799DF00985F5D /* GoodModel.m */ = {isa = PBXFileReference; fileEncoding = 4; lastKnownFileType = sourcecode.c.objc; path = GoodModel.m; sourceTree = "<group>"; };
		7A2EB1CF1C7799DF00985F5D /* ActivityView.h */ = {isa = PBXFileReference; fileEncoding = 4; lastKnownFileType = sourcecode.c.h; path = ActivityView.h; sourceTree = "<group>"; };
		7A2EB1D01C7799DF00985F5D /* ActivityView.m */ = {isa = PBXFileReference; fileEncoding = 4; lastKnownFileType = sourcecode.c.objc; path = ActivityView.m; sourceTree = "<group>"; };
		7A2EB1D11C7799DF00985F5D /* GoodTableViewCell.h */ = {isa = PBXFileReference; fileEncoding = 4; lastKnownFileType = sourcecode.c.h; path = GoodTableViewCell.h; sourceTree = "<group>"; };
		7A2EB1D21C7799DF00985F5D /* GoodTableViewCell.m */ = {isa = PBXFileReference; fileEncoding = 4; lastKnownFileType = sourcecode.c.objc; path = GoodTableViewCell.m; sourceTree = "<group>"; };
		7A2EB1D31C7799DF00985F5D /* GoodTableViewCell.xib */ = {isa = PBXFileReference; fileEncoding = 4; lastKnownFileType = file.xib; path = GoodTableViewCell.xib; sourceTree = "<group>"; };
		7A2EB1D41C7799DF00985F5D /* HotTableViewCell.h */ = {isa = PBXFileReference; fileEncoding = 4; lastKnownFileType = sourcecode.c.h; path = HotTableViewCell.h; sourceTree = "<group>"; };
		7A2EB1D51C7799DF00985F5D /* HotTableViewCell.m */ = {isa = PBXFileReference; fileEncoding = 4; lastKnownFileType = sourcecode.c.objc; path = HotTableViewCell.m; sourceTree = "<group>"; };
		7A2EB1D61C7799DF00985F5D /* HotTableViewCell.xib */ = {isa = PBXFileReference; fileEncoding = 4; lastKnownFileType = file.xib; path = HotTableViewCell.xib; sourceTree = "<group>"; };
		7A2EB1DB1C7799DF00985F5D /* ShareView.h */ = {isa = PBXFileReference; fileEncoding = 4; lastKnownFileType = sourcecode.c.h; path = ShareView.h; sourceTree = "<group>"; };
		7A2EB1DC1C7799DF00985F5D /* ShareView.m */ = {isa = PBXFileReference; fileEncoding = 4; lastKnownFileType = sourcecode.c.objc; path = ShareView.m; sourceTree = "<group>"; };
		7A2EB1DD1C7799DF00985F5D /* ShareView.xib */ = {isa = PBXFileReference; fileEncoding = 4; lastKnownFileType = file.xib; path = ShareView.xib; sourceTree = "<group>"; };
		7A2EB1DE1C7799DF00985F5D /* ThemeView.h */ = {isa = PBXFileReference; fileEncoding = 4; lastKnownFileType = sourcecode.c.h; path = ThemeView.h; sourceTree = "<group>"; };
		7A2EB1DF1C7799DF00985F5D /* ThemeView.m */ = {isa = PBXFileReference; fileEncoding = 4; lastKnownFileType = sourcecode.c.objc; path = ThemeView.m; sourceTree = "<group>"; };
		7A2EB1E21C7799DF00985F5D /* OwerViewController.h */ = {isa = PBXFileReference; fileEncoding = 4; lastKnownFileType = sourcecode.c.h; path = OwerViewController.h; sourceTree = "<group>"; };
		7A2EB1E31C7799DF00985F5D /* OwerViewController.m */ = {isa = PBXFileReference; fileEncoding = 4; lastKnownFileType = sourcecode.c.objc; path = OwerViewController.m; sourceTree = "<group>"; };
		7A2EB1E61C7799DF00985F5D /* Ower.storyboard */ = {isa = PBXFileReference; fileEncoding = 4; lastKnownFileType = file.storyboard; path = Ower.storyboard; sourceTree = "<group>"; };
		7A2EB1E91C7799DF00985F5D /* Bmob_iOS_SDK更新历史.txt */ = {isa = PBXFileReference; fileEncoding = 4; lastKnownFileType = text; path = "Bmob_iOS_SDK更新历史.txt"; sourceTree = "<group>"; };
		7A2EB1EA1C7799DF00985F5D /* BmobSDK.framework */ = {isa = PBXFileReference; lastKnownFileType = wrapper.framework; path = BmobSDK.framework; sourceTree = "<group>"; };
		7A2EB1EB1C7799DF00985F5D /* DateTools.h */ = {isa = PBXFileReference; fileEncoding = 4; lastKnownFileType = sourcecode.c.h; path = DateTools.h; sourceTree = "<group>"; };
		7A2EB1EC1C7799DF00985F5D /* DateTools.m */ = {isa = PBXFileReference; fileEncoding = 4; lastKnownFileType = sourcecode.c.objc; path = DateTools.m; sourceTree = "<group>"; };
		7A2EB1ED1C7799DF00985F5D /* Header.h */ = {isa = PBXFileReference; fileEncoding = 4; lastKnownFileType = sourcecode.c.h; path = Header.h; sourceTree = "<group>"; };
		7A2EB1FB1C7799DF00985F5D /* PrefixHeader.pch */ = {isa = PBXFileReference; fileEncoding = 4; lastKnownFileType = sourcecode.c.h; path = PrefixHeader.pch; sourceTree = "<group>"; };
		7A2EB1FD1C7799DF00985F5D /* blueArrow.png */ = {isa = PBXFileReference; lastKnownFileType = image.png; path = blueArrow.png; sourceTree = "<group>"; };
		7A2EB1FE1C7799DF00985F5D /* blueArrowDown.png */ = {isa = PBXFileReference; lastKnownFileType = image.png; path = blueArrowDown.png; sourceTree = "<group>"; };
		7A2EB2031C7799DF00985F5D /* PullingRefreshTableView.h */ = {isa = PBXFileReference; fileEncoding = 4; lastKnownFileType = sourcecode.c.h; path = PullingRefreshTableView.h; sourceTree = "<group>"; };
		7A2EB2041C7799DF00985F5D /* PullingRefreshTableView.m */ = {isa = PBXFileReference; fileEncoding = 4; lastKnownFileType = sourcecode.c.objc; path = PullingRefreshTableView.m; sourceTree = "<group>"; };
		7A2EB2061C7799DF00985F5D /* libWeChatSDK.a */ = {isa = PBXFileReference; lastKnownFileType = archive.ar; path = libWeChatSDK.a; sourceTree = "<group>"; };
		7A2EB2071C7799DF00985F5D /* read_me.txt */ = {isa = PBXFileReference; fileEncoding = 4; lastKnownFileType = text; path = read_me.txt; sourceTree = "<group>"; };
		7A2EB2081C7799DF00985F5D /* WechatAuthSDK.h */ = {isa = PBXFileReference; fileEncoding = 4; lastKnownFileType = sourcecode.c.h; path = WechatAuthSDK.h; sourceTree = "<group>"; };
		7A2EB2091C7799DF00985F5D /* WXApi.h */ = {isa = PBXFileReference; fileEncoding = 4; lastKnownFileType = sourcecode.c.h; path = WXApi.h; sourceTree = "<group>"; };
		7A2EB20A1C7799DF00985F5D /* WXApiObject.h */ = {isa = PBXFileReference; fileEncoding = 4; lastKnownFileType = sourcecode.c.h; path = WXApiObject.h; sourceTree = "<group>"; };
		7A2EB20B1C7799DF00985F5D /* UIView+EstensionView.h */ = {isa = PBXFileReference; fileEncoding = 4; lastKnownFileType = sourcecode.c.h; path = "UIView+EstensionView.h"; sourceTree = "<group>"; };
		7A2EB20C1C7799DF00985F5D /* UIView+EstensionView.m */ = {isa = PBXFileReference; fileEncoding = 4; lastKnownFileType = sourcecode.c.objc; path = "UIView+EstensionView.m"; sourceTree = "<group>"; };
		7A2EB20D1C7799DF00985F5D /* UIViewController+Common.h */ = {isa = PBXFileReference; fileEncoding = 4; lastKnownFileType = sourcecode.c.h; path = "UIViewController+Common.h"; sourceTree = "<group>"; };
		7A2EB20E1C7799DF00985F5D /* UIViewController+Common.m */ = {isa = PBXFileReference; fileEncoding = 4; lastKnownFileType = sourcecode.c.objc; path = "UIViewController+Common.m"; sourceTree = "<group>"; };
		7A2EB2101C7799DF00985F5D /* VOContentLayer.h */ = {isa = PBXFileReference; fileEncoding = 4; lastKnownFileType = sourcecode.c.h; path = VOContentLayer.h; sourceTree = "<group>"; };
		7A2EB2111C7799DF00985F5D /* VOContentLayer.m */ = {isa = PBXFileReference; fileEncoding = 4; lastKnownFileType = sourcecode.c.objc; path = VOContentLayer.m; sourceTree = "<group>"; };
		7A2EB2121C7799DF00985F5D /* VOIndicatorAnimation.h */ = {isa = PBXFileReference; fileEncoding = 4; lastKnownFileType = sourcecode.c.h; path = VOIndicatorAnimation.h; sourceTree = "<group>"; };
		7A2EB2131C7799DF00985F5D /* VOIndicatorAnimation.m */ = {isa = PBXFileReference; fileEncoding = 4; lastKnownFileType = sourcecode.c.objc; path = VOIndicatorAnimation.m; sourceTree = "<group>"; };
		7A2EB2141C7799DF00985F5D /* VOSegment.h */ = {isa = PBXFileReference; fileEncoding = 4; lastKnownFileType = sourcecode.c.h; path = VOSegment.h; sourceTree = "<group>"; };
		7A2EB2151C7799DF00985F5D /* VOSegment.m */ = {isa = PBXFileReference; fileEncoding = 4; lastKnownFileType = sourcecode.c.objc; path = VOSegment.m; sourceTree = "<group>"; };
		7A2EB2161C7799DF00985F5D /* VOSegmentedControl.h */ = {isa = PBXFileReference; fileEncoding = 4; lastKnownFileType = sourcecode.c.h; path = VOSegmentedControl.h; sourceTree = "<group>"; };
		7A2EB2171C7799DF00985F5D /* VOSegmentedControl.m */ = {isa = PBXFileReference; fileEncoding = 4; lastKnownFileType = sourcecode.c.objc; path = VOSegmentedControl.m; sourceTree = "<group>"; };
		7A41D6531C462BF100F7EF3E /* MessageUI.framework */ = {isa = PBXFileReference; lastKnownFileType = wrapper.framework; name = MessageUI.framework; path = System/Library/Frameworks/MessageUI.framework; sourceTree = SDKROOT; };
		7A8DED1A1C853F7C0063B278 /* HWTitleButton.h */ = {isa = PBXFileReference; fileEncoding = 4; lastKnownFileType = sourcecode.c.h; path = HWTitleButton.h; sourceTree = "<group>"; };
		7A8DED1B1C853F7C0063B278 /* HWTitleButton.m */ = {isa = PBXFileReference; fileEncoding = 4; lastKnownFileType = sourcecode.c.objc; path = HWTitleButton.m; sourceTree = "<group>"; };
		7A8DED1D1C85406A0063B278 /* UIView+Extension.h */ = {isa = PBXFileReference; fileEncoding = 4; lastKnownFileType = sourcecode.c.h; path = "UIView+Extension.h"; sourceTree = "<group>"; };
		7A8DED1E1C85406A0063B278 /* UIView+Extension.m */ = {isa = PBXFileReference; fileEncoding = 4; lastKnownFileType = sourcecode.c.objc; path = "UIView+Extension.m"; sourceTree = "<group>"; };
		7A9A0D3F1C85B55C00ABD053 /* Foundation+Log.m */ = {isa = PBXFileReference; fileEncoding = 4; lastKnownFileType = sourcecode.c.objc; path = "Foundation+Log.m"; sourceTree = "<group>"; };
		7AAAA1901C79FEFC002E05F3 /* ProgressHUD.bundle */ = {isa = PBXFileReference; lastKnownFileType = "wrapper.plug-in"; path = ProgressHUD.bundle; sourceTree = "<group>"; };
		7AAAA1911C79FEFC002E05F3 /* ProgressHUD.h */ = {isa = PBXFileReference; fileEncoding = 4; lastKnownFileType = sourcecode.c.h; path = ProgressHUD.h; sourceTree = "<group>"; };
		7AAAA1921C79FEFC002E05F3 /* ProgressHUD.m */ = {isa = PBXFileReference; fileEncoding = 4; lastKnownFileType = sourcecode.c.objc; path = ProgressHUD.m; sourceTree = "<group>"; };
		7AB0378C1C86851800AA17AE /* HeadCollectionReusableView.h */ = {isa = PBXFileReference; fileEncoding = 4; lastKnownFileType = sourcecode.c.h; path = HeadCollectionReusableView.h; sourceTree = "<group>"; };
		7AB0378D1C86851800AA17AE /* HeadCollectionReusableView.m */ = {isa = PBXFileReference; fileEncoding = 4; lastKnownFileType = sourcecode.c.objc; path = HeadCollectionReusableView.m; sourceTree = "<group>"; };
		7AB0378E1C86851800AA17AE /* HeadCollectionReusableView.xib */ = {isa = PBXFileReference; fileEncoding = 4; lastKnownFileType = file.xib; path = HeadCollectionReusableView.xib; sourceTree = "<group>"; };
		7AB037911C86852300AA17AE /* FootCollectionReusableView.h */ = {isa = PBXFileReference; fileEncoding = 4; lastKnownFileType = sourcecode.c.h; path = FootCollectionReusableView.h; sourceTree = "<group>"; };
		7AB037921C86852300AA17AE /* FootCollectionReusableView.m */ = {isa = PBXFileReference; fileEncoding = 4; lastKnownFileType = sourcecode.c.objc; path = FootCollectionReusableView.m; sourceTree = "<group>"; };
		7AB0379D1C86F2D300AA17AE /* LoginViewController.h */ = {isa = PBXFileReference; fileEncoding = 4; lastKnownFileType = sourcecode.c.h; path = LoginViewController.h; sourceTree = "<group>"; };
		7AB0379E1C86F2D300AA17AE /* LoginViewController.m */ = {isa = PBXFileReference; fileEncoding = 4; lastKnownFileType = sourcecode.c.objc; path = LoginViewController.m; sourceTree = "<group>"; };
		7AB0379F1C86F2D300AA17AE /* RegisterViewController.h */ = {isa = PBXFileReference; fileEncoding = 4; lastKnownFileType = sourcecode.c.h; path = RegisterViewController.h; sourceTree = "<group>"; };
		7AB037A01C86F2D300AA17AE /* RegisterViewController.m */ = {isa = PBXFileReference; fileEncoding = 4; lastKnownFileType = sourcecode.c.objc; path = RegisterViewController.m; sourceTree = "<group>"; };
		7AB037A31C86F31400AA17AE /* Login.storyboard */ = {isa = PBXFileReference; fileEncoding = 4; lastKnownFileType = file.storyboard; path = Login.storyboard; sourceTree = "<group>"; };
		7AB037A51C86F60C00AA17AE /* ShareViewController.h */ = {isa = PBXFileReference; fileEncoding = 4; lastKnownFileType = sourcecode.c.h; path = ShareViewController.h; sourceTree = "<group>"; };
		7AB037A61C86F60C00AA17AE /* ShareViewController.m */ = {isa = PBXFileReference; fileEncoding = 4; lastKnownFileType = sourcecode.c.objc; path = ShareViewController.m; sourceTree = "<group>"; };
		7AD7D12D1C77A2570055CD71 /* libWeiboSDK.a */ = {isa = PBXFileReference; lastKnownFileType = archive.ar; path = libWeiboSDK.a; sourceTree = "<group>"; };
		7AD7D12E1C77A2570055CD71 /* WBHttpRequest+WeiboGame.h */ = {isa = PBXFileReference; fileEncoding = 4; lastKnownFileType = sourcecode.c.h; path = "WBHttpRequest+WeiboGame.h"; sourceTree = "<group>"; };
		7AD7D12F1C77A2570055CD71 /* WBHttpRequest+WeiboShare.h */ = {isa = PBXFileReference; fileEncoding = 4; lastKnownFileType = sourcecode.c.h; path = "WBHttpRequest+WeiboShare.h"; sourceTree = "<group>"; };
		7AD7D1301C77A2570055CD71 /* WBHttpRequest+WeiboToken.h */ = {isa = PBXFileReference; fileEncoding = 4; lastKnownFileType = sourcecode.c.h; path = "WBHttpRequest+WeiboToken.h"; sourceTree = "<group>"; };
		7AD7D1311C77A2570055CD71 /* WBHttpRequest+WeiboUser.h */ = {isa = PBXFileReference; fileEncoding = 4; lastKnownFileType = sourcecode.c.h; path = "WBHttpRequest+WeiboUser.h"; sourceTree = "<group>"; };
		7AD7D1321C77A2570055CD71 /* WBHttpRequest.h */ = {isa = PBXFileReference; fileEncoding = 4; lastKnownFileType = sourcecode.c.h; path = WBHttpRequest.h; sourceTree = "<group>"; };
		7AD7D1331C77A2570055CD71 /* WBSDKBasicButton.h */ = {isa = PBXFileReference; fileEncoding = 4; lastKnownFileType = sourcecode.c.h; path = WBSDKBasicButton.h; sourceTree = "<group>"; };
		7AD7D1341C77A2570055CD71 /* WBSDKCommentButton.h */ = {isa = PBXFileReference; fileEncoding = 4; lastKnownFileType = sourcecode.c.h; path = WBSDKCommentButton.h; sourceTree = "<group>"; };
		7AD7D1351C77A2570055CD71 /* WBSDKRelationshipButton.h */ = {isa = PBXFileReference; fileEncoding = 4; lastKnownFileType = sourcecode.c.h; path = WBSDKRelationshipButton.h; sourceTree = "<group>"; };
		7AD7D1361C77A2570055CD71 /* WeiboSDK.bundle */ = {isa = PBXFileReference; lastKnownFileType = "wrapper.plug-in"; path = WeiboSDK.bundle; sourceTree = "<group>"; };
		7AD7D1371C77A2570055CD71 /* WeiboSDK.h */ = {isa = PBXFileReference; fileEncoding = 4; lastKnownFileType = sourcecode.c.h; path = WeiboSDK.h; sourceTree = "<group>"; };
		7AD7D1381C77A2570055CD71 /* WeiboUser.h */ = {isa = PBXFileReference; fileEncoding = 4; lastKnownFileType = sourcecode.c.h; path = WeiboUser.h; sourceTree = "<group>"; };
		7ADD42781C3A1C09007A577C /* HappyWeekDayer.app */ = {isa = PBXFileReference; explicitFileType = wrapper.application; includeInIndex = 0; path = HappyWeekDayer.app; sourceTree = BUILT_PRODUCTS_DIR; };
		7ADD427C1C3A1C09007A577C /* main.m */ = {isa = PBXFileReference; lastKnownFileType = sourcecode.c.objc; path = main.m; sourceTree = "<group>"; };
		7ADD427E1C3A1C0A007A577C /* AppDelegate.h */ = {isa = PBXFileReference; lastKnownFileType = sourcecode.c.h; path = AppDelegate.h; sourceTree = "<group>"; };
		7ADD427F1C3A1C0A007A577C /* AppDelegate.m */ = {isa = PBXFileReference; lastKnownFileType = sourcecode.c.objc; path = AppDelegate.m; sourceTree = "<group>"; };
		7ADD42811C3A1C0A007A577C /* Assets.xcassets */ = {isa = PBXFileReference; lastKnownFileType = folder.assetcatalog; path = Assets.xcassets; sourceTree = "<group>"; };
		7ADD42841C3A1C0A007A577C /* Base */ = {isa = PBXFileReference; lastKnownFileType = file.storyboard; name = Base; path = Base.lproj/LaunchScreen.storyboard; sourceTree = "<group>"; };
		7ADD42861C3A1C0A007A577C /* Info.plist */ = {isa = PBXFileReference; lastKnownFileType = text.plist.xml; path = Info.plist; sourceTree = "<group>"; };
		7ADDD56C1C871AD7003E7174 /* TabBarViewController.h */ = {isa = PBXFileReference; fileEncoding = 4; lastKnownFileType = sourcecode.c.h; path = TabBarViewController.h; sourceTree = "<group>"; };
		7ADDD56D1C871AD7003E7174 /* TabBarViewController.m */ = {isa = PBXFileReference; fileEncoding = 4; lastKnownFileType = sourcecode.c.objc; path = TabBarViewController.m; sourceTree = "<group>"; };
		7AE71FAD1C48EA3400E71322 /* CoreLocation.framework */ = {isa = PBXFileReference; lastKnownFileType = wrapper.framework; name = CoreLocation.framework; path = System/Library/Frameworks/CoreLocation.framework; sourceTree = SDKROOT; };
		7AE71FAF1C48EA5D00E71322 /* MobileCoreServices.framework */ = {isa = PBXFileReference; lastKnownFileType = wrapper.framework; name = MobileCoreServices.framework; path = System/Library/Frameworks/MobileCoreServices.framework; sourceTree = SDKROOT; };
		7AE71FB11C48EA7000E71322 /* CFNetwork.framework */ = {isa = PBXFileReference; lastKnownFileType = wrapper.framework; name = CFNetwork.framework; path = System/Library/Frameworks/CFNetwork.framework; sourceTree = SDKROOT; };
		7AE71FB31C48EA8E00E71322 /* libz.1.2.5.tbd */ = {isa = PBXFileReference; lastKnownFileType = "sourcecode.text-based-dylib-definition"; name = libz.1.2.5.tbd; path = usr/lib/libz.1.2.5.tbd; sourceTree = SDKROOT; };
		7AE71FB51C48EA9F00E71322 /* libicucore.tbd */ = {isa = PBXFileReference; lastKnownFileType = "sourcecode.text-based-dylib-definition"; name = libicucore.tbd; path = usr/lib/libicucore.tbd; sourceTree = SDKROOT; };
		7AE71FB71C48EAB100E71322 /* AVFoundation.framework */ = {isa = PBXFileReference; lastKnownFileType = wrapper.framework; name = AVFoundation.framework; path = System/Library/Frameworks/AVFoundation.framework; sourceTree = SDKROOT; };
		7AE71FB91C48EAC000E71322 /* MediaPlayer.framework */ = {isa = PBXFileReference; lastKnownFileType = wrapper.framework; name = MediaPlayer.framework; path = System/Library/Frameworks/MediaPlayer.framework; sourceTree = SDKROOT; };
/* End PBXFileReference section */

/* Begin PBXFrameworksBuildPhase section */
		7ADD42751C3A1C09007A577C /* Frameworks */ = {
			isa = PBXFrameworksBuildPhase;
			buildActionMask = 2147483647;
			files = (
				7A2EB2401C7799DF00985F5D /* BmobSDK.framework in Frameworks */,
				7AE71FBA1C48EAC000E71322 /* MediaPlayer.framework in Frameworks */,
				7AE71FB81C48EAB100E71322 /* AVFoundation.framework in Frameworks */,
				7AE71FB61C48EA9F00E71322 /* libicucore.tbd in Frameworks */,
				7AE71FB41C48EA8E00E71322 /* libz.1.2.5.tbd in Frameworks */,
				7AD7D1391C77A2570055CD71 /* libWeiboSDK.a in Frameworks */,
				7AE71FB21C48EA7000E71322 /* CFNetwork.framework in Frameworks */,
				7A2EB2491C7799DF00985F5D /* libWeChatSDK.a in Frameworks */,
				7AE71FB01C48EA5D00E71322 /* MobileCoreServices.framework in Frameworks */,
				7AE71FAE1C48EA3500E71322 /* CoreLocation.framework in Frameworks */,
				7A07CCBC1C47A4FE002B99B1 /* libc++.tbd in Frameworks */,
				7A05F46A1C468D01006573FC /* libsqlite3.tbd in Frameworks */,
				7A05F4681C468CF5006573FC /* libz.tbd in Frameworks */,
				7A05F4661C468CEA006573FC /* CoreGraphics.framework in Frameworks */,
				7A05F4641C468CDE006573FC /* Foundation.framework in Frameworks */,
				7A05F4621C468CD5006573FC /* UIKit.framework in Frameworks */,
				7A05F4601C468CCB006573FC /* CoreText.framework in Frameworks */,
				7A05F45E1C468CBF006573FC /* CoreTelephony.framework in Frameworks */,
				7A05F45C1C468CB2006573FC /* Security.framework in Frameworks */,
				7A05F45A1C468CA5006573FC /* SystemConfiguration.framework in Frameworks */,
				7A05F4581C468C89006573FC /* ImageIO.framework in Frameworks */,
				7A05F4561C468C34006573FC /* QuartzCore.framework in Frameworks */,
				7A41D6541C462BF100F7EF3E /* MessageUI.framework in Frameworks */,
				ABB14E920E065F811EED5453 /* libPods.a in Frameworks */,
			);
			runOnlyForDeploymentPostprocessing = 0;
		};
/* End PBXFrameworksBuildPhase section */

/* Begin PBXGroup section */
		24DAC0C6A0184B24E5F65E68 /* Frameworks */ = {
			isa = PBXGroup;
			children = (
				7AE71FB91C48EAC000E71322 /* MediaPlayer.framework */,
				7AE71FB71C48EAB100E71322 /* AVFoundation.framework */,
				7AE71FB51C48EA9F00E71322 /* libicucore.tbd */,
				7AE71FB31C48EA8E00E71322 /* libz.1.2.5.tbd */,
				7AE71FB11C48EA7000E71322 /* CFNetwork.framework */,
				7AE71FAF1C48EA5D00E71322 /* MobileCoreServices.framework */,
				7AE71FAD1C48EA3400E71322 /* CoreLocation.framework */,
				7A07CCBB1C47A4FE002B99B1 /* libc++.tbd */,
				7A05F46B1C468D77006573FC /* libPods.a */,
				7A05F4691C468D01006573FC /* libsqlite3.tbd */,
				7A05F4671C468CF5006573FC /* libz.tbd */,
				7A05F4651C468CEA006573FC /* CoreGraphics.framework */,
				7A05F4631C468CDE006573FC /* Foundation.framework */,
				7A05F4611C468CD5006573FC /* UIKit.framework */,
				7A05F45F1C468CCB006573FC /* CoreText.framework */,
				7A05F45D1C468CBF006573FC /* CoreTelephony.framework */,
				7A05F45B1C468CB2006573FC /* Security.framework */,
				7A05F4591C468CA5006573FC /* SystemConfiguration.framework */,
				7A05F4571C468C89006573FC /* ImageIO.framework */,
				7A05F4551C468C34006573FC /* QuartzCore.framework */,
				7A05F4471C468950006573FC /* libPods.a */,
				7A41D6531C462BF100F7EF3E /* MessageUI.framework */,
			);
			name = Frameworks;
			sourceTree = "<group>";
		};
		7A1857F21C85657900D98CA0 /* Other */ = {
			isa = PBXGroup;
			children = (
				7ADDD56C1C871AD7003E7174 /* TabBarViewController.h */,
				7ADDD56D1C871AD7003E7174 /* TabBarViewController.m */,
				7A1857F71C85657900D98CA0 /* SeletCityViewController.h */,
				7A1857F81C85657900D98CA0 /* SeletCityViewController.m */,
				7A1857F51C85657900D98CA0 /* SearchViewController.h */,
				7A1857F61C85657900D98CA0 /* SearchViewController.m */,
			);
			path = Other;
			sourceTree = "<group>";
		};
		7A1857FF1C857D0000D98CA0 /* Category */ = {
			isa = PBXGroup;
			children = (
				7A9A0D3F1C85B55C00ABD053 /* Foundation+Log.m */,
				7A1858001C857F8700D98CA0 /* HWNavigationController.h */,
				7A1858011C857F8700D98CA0 /* HWNavigationController.m */,
				7A1858021C857F8700D98CA0 /* UIBarButtonItem+Extension.h */,
				7A1858031C857F8700D98CA0 /* UIBarButtonItem+Extension.m */,
			);
			path = Category;
			sourceTree = "<group>";
		};
		7A2EB1A11C7799DF00985F5D /* Classes */ = {
			isa = PBXGroup;
			children = (
				7A2EB1A91C7799DF00985F5D /* Index主页 */,
				7A2EB1A21C7799DF00985F5D /* Find发现 */,
				7A2EB1E01C7799DF00985F5D /* Ower我的 */,
				7A2EB1B51C7799DF00985F5D /* main主要 */,
			);
			path = Classes;
			sourceTree = "<group>";
		};
		7A2EB1A21C7799DF00985F5D /* Find发现 */ = {
			isa = PBXGroup;
			children = (
				7A2EB1A31C7799DF00985F5D /* Controllers */,
				7A2EB1A61C7799DF00985F5D /* Models */,
				7A2EB1A71C7799DF00985F5D /* Views */,
			);
			path = "Find发现";
			sourceTree = "<group>";
		};
		7A2EB1A31C7799DF00985F5D /* Controllers */ = {
			isa = PBXGroup;
			children = (
				7A2EB1A41C7799DF00985F5D /* FindViewController.h */,
				7A2EB1A51C7799DF00985F5D /* FindViewController.m */,
			);
			path = Controllers;
			sourceTree = "<group>";
		};
		7A2EB1A61C7799DF00985F5D /* Models */ = {
			isa = PBXGroup;
			children = (
				7A1857EF1C85541600D98CA0 /* DiscoverModel.h */,
				7A1857F01C85541600D98CA0 /* DiscoverModel.m */,
			);
			path = Models;
			sourceTree = "<group>";
		};
		7A2EB1A71C7799DF00985F5D /* Views */ = {
			isa = PBXGroup;
			children = (
				7A2EB1A81C7799DF00985F5D /* FindView.storyboard */,
				7A1857EA1C85508700D98CA0 /* ImageTableViewCell.h */,
				7A1857EB1C85508700D98CA0 /* ImageTableViewCell.m */,
				7A1857EC1C85508700D98CA0 /* ImageTableViewCell.xib */,
			);
			path = Views;
			sourceTree = "<group>";
		};
		7A2EB1A91C7799DF00985F5D /* Index主页 */ = {
			isa = PBXGroup;
			children = (
				7A2EB1AA1C7799DF00985F5D /* Controllers */,
				7A2EB1AD1C7799DF00985F5D /* Models */,
				7A2EB1B01C7799DF00985F5D /* Views */,
			);
			path = "Index主页";
			sourceTree = "<group>";
		};
		7A2EB1AA1C7799DF00985F5D /* Controllers */ = {
			isa = PBXGroup;
			children = (
				7A2EB1AB1C7799DF00985F5D /* IndexViewController.h */,
				7A2EB1AC1C7799DF00985F5D /* IndexViewController.m */,
			);
			path = Controllers;
			sourceTree = "<group>";
		};
		7A2EB1AD1C7799DF00985F5D /* Models */ = {
			isa = PBXGroup;
			children = (
				7A2EB1AE1C7799DF00985F5D /* IndexModel.h */,
				7A2EB1AF1C7799DF00985F5D /* IndexModel.m */,
			);
			path = Models;
			sourceTree = "<group>";
		};
		7A2EB1B01C7799DF00985F5D /* Views */ = {
			isa = PBXGroup;
			children = (
				7A2EB1B11C7799DF00985F5D /* Index.storyboard */,
				7A2EB1B21C7799DF00985F5D /* IndexTableViewCell.h */,
				7A2EB1B31C7799DF00985F5D /* IndexTableViewCell.m */,
				7A2EB1B41C7799DF00985F5D /* IndexTableViewCell.xib */,
				7A8DED1A1C853F7C0063B278 /* HWTitleButton.h */,
				7A8DED1B1C853F7C0063B278 /* HWTitleButton.m */,
			);
			path = Views;
			sourceTree = "<group>";
		};
		7A2EB1B51C7799DF00985F5D /* main主要 */ = {
			isa = PBXGroup;
			children = (
				7A2EB1B61C7799DF00985F5D /* Controllers */,
				7A1857F21C85657900D98CA0 /* Other */,
				7A2EB1C91C7799DF00985F5D /* Models */,
				7A2EB1CE1C7799DF00985F5D /* Views */,
			);
			path = "main主要";
			sourceTree = "<group>";
		};
		7A2EB1B61C7799DF00985F5D /* Controllers */ = {
			isa = PBXGroup;
			children = (
				7A2EB1B71C7799DF00985F5D /* AcitivyViewController.h */,
				7A2EB1B81C7799DF00985F5D /* AcitivyViewController.m */,
				7A2EB1C71C7799DF00985F5D /* ThemeViewController.h */,
				7A2EB1C81C7799DF00985F5D /* ThemeViewController.m */,
				7A2EB1B91C7799DF00985F5D /* ClassFiyViewController.h */,
				7A2EB1BA1C7799DF00985F5D /* ClassFiyViewController.m */,
				7A2EB1BB1C7799DF00985F5D /* goodViewController.h */,
				7A2EB1BC1C7799DF00985F5D /* goodViewController.m */,
				7A2EB1BD1C7799DF00985F5D /* hotViewController.h */,
				7A2EB1BE1C7799DF00985F5D /* hotViewController.m */,
			);
			path = Controllers;
			sourceTree = "<group>";
		};
		7A2EB1C91C7799DF00985F5D /* Models */ = {
			isa = PBXGroup;
			children = (
				7A2EB1CC1C7799DF00985F5D /* GoodModel.h */,
				7A2EB1CD1C7799DF00985F5D /* GoodModel.m */,
			);
			path = Models;
			sourceTree = "<group>";
		};
		7A2EB1CE1C7799DF00985F5D /* Views */ = {
			isa = PBXGroup;
			children = (
				7A2EB1CF1C7799DF00985F5D /* ActivityView.h */,
				7A2EB1D01C7799DF00985F5D /* ActivityView.m */,
				7A2EB1D11C7799DF00985F5D /* GoodTableViewCell.h */,
				7A2EB1D21C7799DF00985F5D /* GoodTableViewCell.m */,
				7A2EB1D31C7799DF00985F5D /* GoodTableViewCell.xib */,
				7A2EB1D41C7799DF00985F5D /* HotTableViewCell.h */,
				7A2EB1D51C7799DF00985F5D /* HotTableViewCell.m */,
				7A2EB1D61C7799DF00985F5D /* HotTableViewCell.xib */,
				7A2EB1DB1C7799DF00985F5D /* ShareView.h */,
				7A2EB1DC1C7799DF00985F5D /* ShareView.m */,
				7A2EB1DD1C7799DF00985F5D /* ShareView.xib */,
				7A2EB1DE1C7799DF00985F5D /* ThemeView.h */,
				7A2EB1DF1C7799DF00985F5D /* ThemeView.m */,
				7AB0378C1C86851800AA17AE /* HeadCollectionReusableView.h */,
				7AB0378D1C86851800AA17AE /* HeadCollectionReusableView.m */,
				7AB0378E1C86851800AA17AE /* HeadCollectionReusableView.xib */,
				7AB037911C86852300AA17AE /* FootCollectionReusableView.h */,
				7AB037921C86852300AA17AE /* FootCollectionReusableView.m */,
			);
			path = Views;
			sourceTree = "<group>";
		};
		7A2EB1E01C7799DF00985F5D /* Ower我的 */ = {
			isa = PBXGroup;
			children = (
				7A2EB1E11C7799DF00985F5D /* Controllers */,
				7A2EB1E41C7799DF00985F5D /* Models */,
				7A2EB1E51C7799DF00985F5D /* Views */,
			);
			path = "Ower我的";
			sourceTree = "<group>";
		};
		7A2EB1E11C7799DF00985F5D /* Controllers */ = {
			isa = PBXGroup;
			children = (
				7A2EB1E21C7799DF00985F5D /* OwerViewController.h */,
				7A2EB1E31C7799DF00985F5D /* OwerViewController.m */,
				7AB0379D1C86F2D300AA17AE /* LoginViewController.h */,
				7AB0379E1C86F2D300AA17AE /* LoginViewController.m */,
				7AB0379F1C86F2D300AA17AE /* RegisterViewController.h */,
				7AB037A01C86F2D300AA17AE /* RegisterViewController.m */,
				7AB037A51C86F60C00AA17AE /* ShareViewController.h */,
				7AB037A61C86F60C00AA17AE /* ShareViewController.m */,
			);
			path = Controllers;
			sourceTree = "<group>";
		};
		7A2EB1E41C7799DF00985F5D /* Models */ = {
			isa = PBXGroup;
			children = (
			);
			path = Models;
			sourceTree = "<group>";
		};
		7A2EB1E51C7799DF00985F5D /* Views */ = {
			isa = PBXGroup;
			children = (
				7A2EB1E61C7799DF00985F5D /* Ower.storyboard */,
				7AB037A31C86F31400AA17AE /* Login.storyboard */,
			);
			path = Views;
			sourceTree = "<group>";
		};
		7A2EB1E71C7799DF00985F5D /* Library */ = {
			isa = PBXGroup;
			children = (
				7A2EB1ED1C7799DF00985F5D /* Header.h */,
				7A2EB1FB1C7799DF00985F5D /* PrefixHeader.pch */,
				7A1857FF1C857D0000D98CA0 /* Category */,
				7A8DED1D1C85406A0063B278 /* UIView+Extension.h */,
				7A8DED1E1C85406A0063B278 /* UIView+Extension.m */,
				7A2EB1EB1C7799DF00985F5D /* DateTools.h */,
				7A2EB1EC1C7799DF00985F5D /* DateTools.m */,
				7A2EB20B1C7799DF00985F5D /* UIView+EstensionView.h */,
				7A2EB20C1C7799DF00985F5D /* UIView+EstensionView.m */,
				7A2EB20D1C7799DF00985F5D /* UIViewController+Common.h */,
				7A2EB20E1C7799DF00985F5D /* UIViewController+Common.m */,
				7AAAA18F1C79FEFB002E05F3 /* ProgressHUD */,
				7AD7D12C1C77A2570055CD71 /* libWeiboSDK */,
				7A2EB1FC1C7799DF00985F5D /* PullingRefreshTableView */,
				7A2EB2051C7799DF00985F5D /* SDK1.6.2 */,
				7A2EB1E81C7799DF00985F5D /* Bmob_SDK_iOS_v1.6.6 */,
				7A2EB20F1C7799DF00985F5D /* VOSegmentedControl */,
			);
			path = Library;
			sourceTree = "<group>";
		};
		7A2EB1E81C7799DF00985F5D /* Bmob_SDK_iOS_v1.6.6 */ = {
			isa = PBXGroup;
			children = (
				7A2EB1E91C7799DF00985F5D /* Bmob_iOS_SDK更新历史.txt */,
				7A2EB1EA1C7799DF00985F5D /* BmobSDK.framework */,
			);
			path = Bmob_SDK_iOS_v1.6.6;
			sourceTree = "<group>";
		};
		7A2EB1FC1C7799DF00985F5D /* PullingRefreshTableView */ = {
			isa = PBXGroup;
			children = (
				7A2EB1FD1C7799DF00985F5D /* blueArrow.png */,
				7A2EB1FE1C7799DF00985F5D /* blueArrowDown.png */,
				7A2EB2031C7799DF00985F5D /* PullingRefreshTableView.h */,
				7A2EB2041C7799DF00985F5D /* PullingRefreshTableView.m */,
			);
			path = PullingRefreshTableView;
			sourceTree = "<group>";
		};
		7A2EB2051C7799DF00985F5D /* SDK1.6.2 */ = {
			isa = PBXGroup;
			children = (
				7A2EB2061C7799DF00985F5D /* libWeChatSDK.a */,
				7A2EB2071C7799DF00985F5D /* read_me.txt */,
				7A2EB2081C7799DF00985F5D /* WechatAuthSDK.h */,
				7A2EB2091C7799DF00985F5D /* WXApi.h */,
				7A2EB20A1C7799DF00985F5D /* WXApiObject.h */,
			);
			path = SDK1.6.2;
			sourceTree = "<group>";
		};
		7A2EB20F1C7799DF00985F5D /* VOSegmentedControl */ = {
			isa = PBXGroup;
			children = (
				7A2EB2101C7799DF00985F5D /* VOContentLayer.h */,
				7A2EB2111C7799DF00985F5D /* VOContentLayer.m */,
				7A2EB2121C7799DF00985F5D /* VOIndicatorAnimation.h */,
				7A2EB2131C7799DF00985F5D /* VOIndicatorAnimation.m */,
				7A2EB2141C7799DF00985F5D /* VOSegment.h */,
				7A2EB2151C7799DF00985F5D /* VOSegment.m */,
				7A2EB2161C7799DF00985F5D /* VOSegmentedControl.h */,
				7A2EB2171C7799DF00985F5D /* VOSegmentedControl.m */,
			);
			path = VOSegmentedControl;
			sourceTree = "<group>";
		};
		7AAAA18F1C79FEFB002E05F3 /* ProgressHUD */ = {
			isa = PBXGroup;
			children = (
				7AAAA1901C79FEFC002E05F3 /* ProgressHUD.bundle */,
				7AAAA1911C79FEFC002E05F3 /* ProgressHUD.h */,
				7AAAA1921C79FEFC002E05F3 /* ProgressHUD.m */,
			);
			path = ProgressHUD;
			sourceTree = "<group>";
		};
		7AD7D12C1C77A2570055CD71 /* libWeiboSDK */ = {
			isa = PBXGroup;
			children = (
				7AD7D12D1C77A2570055CD71 /* libWeiboSDK.a */,
				7AD7D12E1C77A2570055CD71 /* WBHttpRequest+WeiboGame.h */,
				7AD7D12F1C77A2570055CD71 /* WBHttpRequest+WeiboShare.h */,
				7AD7D1301C77A2570055CD71 /* WBHttpRequest+WeiboToken.h */,
				7AD7D1311C77A2570055CD71 /* WBHttpRequest+WeiboUser.h */,
				7AD7D1321C77A2570055CD71 /* WBHttpRequest.h */,
				7AD7D1331C77A2570055CD71 /* WBSDKBasicButton.h */,
				7AD7D1341C77A2570055CD71 /* WBSDKCommentButton.h */,
				7AD7D1351C77A2570055CD71 /* WBSDKRelationshipButton.h */,
				7AD7D1361C77A2570055CD71 /* WeiboSDK.bundle */,
				7AD7D1371C77A2570055CD71 /* WeiboSDK.h */,
				7AD7D1381C77A2570055CD71 /* WeiboUser.h */,
			);
			path = libWeiboSDK;
			sourceTree = "<group>";
		};
		7ADD426F1C3A1C09007A577C = {
			isa = PBXGroup;
			children = (
				7ADD427A1C3A1C09007A577C /* HappyWeekDayer */,
				7ADD42791C3A1C09007A577C /* Products */,
				D23B9D5DD95D79B97890F9DE /* Pods */,
				24DAC0C6A0184B24E5F65E68 /* Frameworks */,
			);
			sourceTree = "<group>";
		};
		7ADD42791C3A1C09007A577C /* Products */ = {
			isa = PBXGroup;
			children = (
				7ADD42781C3A1C09007A577C /* HappyWeekDayer.app */,
			);
			name = Products;
			sourceTree = "<group>";
		};
		7ADD427A1C3A1C09007A577C /* HappyWeekDayer */ = {
			isa = PBXGroup;
			children = (
				7ADD427E1C3A1C0A007A577C /* AppDelegate.h */,
				7ADD427F1C3A1C0A007A577C /* AppDelegate.m */,
				7A2EB1A11C7799DF00985F5D /* Classes */,
				7A2EB1E71C7799DF00985F5D /* Library */,
				7ADD42811C3A1C0A007A577C /* Assets.xcassets */,
				7ADD42831C3A1C0A007A577C /* LaunchScreen.storyboard */,
				7ADD42861C3A1C0A007A577C /* Info.plist */,
				7ADD427B1C3A1C09007A577C /* Supporting Files */,
			);
			path = HappyWeekDayer;
			sourceTree = "<group>";
		};
		7ADD427B1C3A1C09007A577C /* Supporting Files */ = {
			isa = PBXGroup;
			children = (
				7ADD427C1C3A1C09007A577C /* main.m */,
			);
			name = "Supporting Files";
			sourceTree = "<group>";
		};
		D23B9D5DD95D79B97890F9DE /* Pods */ = {
			isa = PBXGroup;
			children = (
				24A339A741248407DAC6B111 /* Pods.debug.xcconfig */,
				1B904BEC016DF9D460C49137 /* Pods.release.xcconfig */,
			);
			name = Pods;
			sourceTree = "<group>";
		};
/* End PBXGroup section */

/* Begin PBXNativeTarget section */
		7ADD42771C3A1C09007A577C /* HappyWeekDayer */ = {
			isa = PBXNativeTarget;
			buildConfigurationList = 7ADD42891C3A1C0A007A577C /* Build configuration list for PBXNativeTarget "HappyWeekDayer" */;
			buildPhases = (
				E66F344FD7C7A703FEA97791 /* Check Pods Manifest.lock */,
				7ADD42751C3A1C09007A577C /* Frameworks */,
				7ADD42761C3A1C09007A577C /* Resources */,
				964BAA144B237884DE7703B2 /* Embed Pods Frameworks */,
				8E84CF9D3E1631A9C35E8E18 /* Copy Pods Resources */,
				7A8DECF81C8533100063B278 /* Sources */,
			);
			buildRules = (
			);
			dependencies = (
			);
			name = HappyWeekDayer;
			productName = HappyWeekDayer;
			productReference = 7ADD42781C3A1C09007A577C /* HappyWeekDayer.app */;
			productType = "com.apple.product-type.application";
		};
/* End PBXNativeTarget section */

/* Begin PBXProject section */
		7ADD42701C3A1C09007A577C /* Project object */ = {
			isa = PBXProject;
			attributes = {
				LastUpgradeCheck = 0720;
				ORGANIZATIONNAME = "李志鹏";
				TargetAttributes = {
					7ADD42771C3A1C09007A577C = {
						CreatedOnToolsVersion = 7.2;
					};
				};
			};
			buildConfigurationList = 7ADD42731C3A1C09007A577C /* Build configuration list for PBXProject "HappyWeekDayer" */;
			compatibilityVersion = "Xcode 3.2";
			developmentRegion = English;
			hasScannedForEncodings = 0;
			knownRegions = (
				en,
				Base,
			);
			mainGroup = 7ADD426F1C3A1C09007A577C;
			productRefGroup = 7ADD42791C3A1C09007A577C /* Products */;
			projectDirPath = "";
			projectRoot = "";
			targets = (
				7ADD42771C3A1C09007A577C /* HappyWeekDayer */,
			);
		};
/* End PBXProject section */

/* Begin PBXResourcesBuildPhase section */
		7ADD42761C3A1C09007A577C /* Resources */ = {
			isa = PBXResourcesBuildPhase;
			buildActionMask = 2147483647;
			files = (
				7A2EB2211C7799DF00985F5D /* FindView.storyboard in Resources */,
				7A2EB23E1C7799DF00985F5D /* Ower.storyboard in Resources */,
				7A2EB23F1C7799DF00985F5D /* Bmob_iOS_SDK更新历史.txt in Resources */,
				7A2EB23B1C7799DF00985F5D /* ShareView.xib in Resources */,
				7A2EB2261C7799DF00985F5D /* IndexTableViewCell.xib in Resources */,
				7AAAA1931C79FEFC002E05F3 /* ProgressHUD.bundle in Resources */,
				7ADD42821C3A1C0A007A577C /* Assets.xcassets in Resources */,
				7ADD42851C3A1C0A007A577C /* LaunchScreen.storyboard in Resources */,
				7A2EB2451C7799DF00985F5D /* blueArrowDown.png in Resources */,
				7A2EB2241C7799DF00985F5D /* Index.storyboard in Resources */,
				7AB037A41C86F31400AA17AE /* Login.storyboard in Resources */,
				7A2EB2341C7799DF00985F5D /* GoodTableViewCell.xib in Resources */,
				7A2EB2441C7799DF00985F5D /* blueArrow.png in Resources */,
				7A2EB24A1C7799DF00985F5D /* read_me.txt in Resources */,
				7AB037901C86851800AA17AE /* HeadCollectionReusableView.xib in Resources */,
				7A1857EE1C85508700D98CA0 /* ImageTableViewCell.xib in Resources */,
				7A2EB2361C7799DF00985F5D /* HotTableViewCell.xib in Resources */,
				7AD7D13A1C77A2570055CD71 /* WeiboSDK.bundle in Resources */,
			);
			runOnlyForDeploymentPostprocessing = 0;
		};
/* End PBXResourcesBuildPhase section */

/* Begin PBXShellScriptBuildPhase section */
		8E84CF9D3E1631A9C35E8E18 /* Copy Pods Resources */ = {
			isa = PBXShellScriptBuildPhase;
			buildActionMask = 2147483647;
			files = (
			);
			inputPaths = (
			);
			name = "Copy Pods Resources";
			outputPaths = (
			);
			runOnlyForDeploymentPostprocessing = 0;
			shellPath = /bin/sh;
			shellScript = "\"${SRCROOT}/Pods/Target Support Files/Pods/Pods-resources.sh\"\n";
			showEnvVarsInLog = 0;
		};
		964BAA144B237884DE7703B2 /* Embed Pods Frameworks */ = {
			isa = PBXShellScriptBuildPhase;
			buildActionMask = 2147483647;
			files = (
			);
			inputPaths = (
			);
			name = "Embed Pods Frameworks";
			outputPaths = (
			);
			runOnlyForDeploymentPostprocessing = 0;
			shellPath = /bin/sh;
			shellScript = "\"${SRCROOT}/Pods/Target Support Files/Pods/Pods-frameworks.sh\"\n";
			showEnvVarsInLog = 0;
		};
		E66F344FD7C7A703FEA97791 /* Check Pods Manifest.lock */ = {
			isa = PBXShellScriptBuildPhase;
			buildActionMask = 2147483647;
			files = (
			);
			inputPaths = (
			);
			name = "Check Pods Manifest.lock";
			outputPaths = (
			);
			runOnlyForDeploymentPostprocessing = 0;
			shellPath = /bin/sh;
			shellScript = "diff \"${PODS_ROOT}/../Podfile.lock\" \"${PODS_ROOT}/Manifest.lock\" > /dev/null\nif [[ $? != 0 ]] ; then\n    cat << EOM\nerror: The sandbox is not in sync with the Podfile.lock. Run 'pod install' or update your CocoaPods installation.\nEOM\n    exit 1\nfi\n";
			showEnvVarsInLog = 0;
		};
/* End PBXShellScriptBuildPhase section */

/* Begin PBXSourcesBuildPhase section */
		7A8DECF81C8533100063B278 /* Sources */ = {
			isa = PBXSourcesBuildPhase;
			buildActionMask = 2147483647;
			files = (
				7A8DED0B1C8533540063B278 /* HotTableViewCell.m in Sources */,
				7AB0378F1C86851800AA17AE /* HeadCollectionReusableView.m in Sources */,
				7A1857FC1C85657900D98CA0 /* SearchViewController.m in Sources */,
				7A8DED0D1C8533540063B278 /* ShareView.m in Sources */,
				7A8DED0E1C8533540063B278 /* ThemeView.m in Sources */,
				7A8DED0F1C8533540063B278 /* DateTools.m in Sources */,
				7A8DED101C8533540063B278 /* UIView+EstensionView.m in Sources */,
				7A8DED111C8533540063B278 /* UIViewController+Common.m in Sources */,
				7AB037931C86852300AA17AE /* FootCollectionReusableView.m in Sources */,
				7A8DED121C8533540063B278 /* ProgressHUD.m in Sources */,
				7A8DED131C8533540063B278 /* PullingRefreshTableView.m in Sources */,
				7A8DED141C8533540063B278 /* VOContentLayer.m in Sources */,
				7A8DED1F1C85406A0063B278 /* UIView+Extension.m in Sources */,
				7A8DED151C8533540063B278 /* VOIndicatorAnimation.m in Sources */,
				7A8DED161C8533540063B278 /* VOSegment.m in Sources */,
				7A1857F11C85541600D98CA0 /* DiscoverModel.m in Sources */,
				7A1858051C857F8700D98CA0 /* UIBarButtonItem+Extension.m in Sources */,
				7AB037A71C86F60C00AA17AE /* ShareViewController.m in Sources */,
				7A8DED171C8533540063B278 /* VOSegmentedControl.m in Sources */,
				7ADDD56E1C871AD7003E7174 /* TabBarViewController.m in Sources */,
				7AB037A11C86F2D300AA17AE /* LoginViewController.m in Sources */,
				7A8DED181C8533540063B278 /* AppDelegate.m in Sources */,
				7A8DED191C8533540063B278 /* main.m in Sources */,
				7A1857ED1C85508700D98CA0 /* ImageTableViewCell.m in Sources */,
				7A8DECF91C85332D0063B278 /* IndexViewController.m in Sources */,
				7A8DECFA1C85332D0063B278 /* IndexModel.m in Sources */,
				7A8DECFB1C85332D0063B278 /* IndexTableViewCell.m in Sources */,
				7A1858041C857F8700D98CA0 /* HWNavigationController.m in Sources */,
				7A8DECFC1C85332D0063B278 /* FindViewController.m in Sources */,
				7A8DECFD1C85332D0063B278 /* OwerViewController.m in Sources */,
				7A8DECFE1C85332D0063B278 /* AcitivyViewController.m in Sources */,
				7A8DECFF1C85332D0063B278 /* ClassFiyViewController.m in Sources */,
				7A1857FD1C85657900D98CA0 /* SeletCityViewController.m in Sources */,
				7A9A0D401C85B55C00ABD053 /* Foundation+Log.m in Sources */,
				7A8DED001C85332D0063B278 /* goodViewController.m in Sources */,
				7A8DED011C85332D0063B278 /* hotViewController.m in Sources */,
				7A8DED1C1C853F7C0063B278 /* HWTitleButton.m in Sources */,
				7A8DED061C85332D0063B278 /* ThemeViewController.m in Sources */,
				7AB037A21C86F2D300AA17AE /* RegisterViewController.m in Sources */,
				7A8DED081C85332D0063B278 /* GoodModel.m in Sources */,
				7A8DED091C85332D0063B278 /* ActivityView.m in Sources */,
				7A8DED0A1C85332D0063B278 /* GoodTableViewCell.m in Sources */,
			);
			runOnlyForDeploymentPostprocessing = 0;
		};
/* End PBXSourcesBuildPhase section */

/* Begin PBXVariantGroup section */
		7ADD42831C3A1C0A007A577C /* LaunchScreen.storyboard */ = {
			isa = PBXVariantGroup;
			children = (
				7ADD42841C3A1C0A007A577C /* Base */,
			);
			name = LaunchScreen.storyboard;
			sourceTree = "<group>";
		};
/* End PBXVariantGroup section */

/* Begin XCBuildConfiguration section */
		7ADD42871C3A1C0A007A577C /* Debug */ = {
			isa = XCBuildConfiguration;
			buildSettings = {
				ALWAYS_SEARCH_USER_PATHS = NO;
				CLANG_CXX_LANGUAGE_STANDARD = "gnu++0x";
				CLANG_CXX_LIBRARY = "libc++";
				CLANG_ENABLE_MODULES = YES;
				CLANG_ENABLE_OBJC_ARC = YES;
				CLANG_WARN_BOOL_CONVERSION = YES;
				CLANG_WARN_CONSTANT_CONVERSION = YES;
				CLANG_WARN_DIRECT_OBJC_ISA_USAGE = YES_ERROR;
				CLANG_WARN_EMPTY_BODY = YES;
				CLANG_WARN_ENUM_CONVERSION = YES;
				CLANG_WARN_INT_CONVERSION = YES;
				CLANG_WARN_OBJC_ROOT_CLASS = YES_ERROR;
				CLANG_WARN_UNREACHABLE_CODE = YES;
				CLANG_WARN__DUPLICATE_METHOD_MATCH = YES;
				"CODE_SIGN_IDENTITY[sdk=iphoneos*]" = "iPhone Developer";
				COPY_PHASE_STRIP = NO;
				DEBUG_INFORMATION_FORMAT = dwarf;
				ENABLE_STRICT_OBJC_MSGSEND = YES;
				ENABLE_TESTABILITY = YES;
				GCC_C_LANGUAGE_STANDARD = gnu99;
				GCC_DYNAMIC_NO_PIC = NO;
				GCC_NO_COMMON_BLOCKS = YES;
				GCC_OPTIMIZATION_LEVEL = 0;
				GCC_PREPROCESSOR_DEFINITIONS = (
					"DEBUG=1",
					"$(inherited)",
				);
				GCC_WARN_64_TO_32_BIT_CONVERSION = YES;
				GCC_WARN_ABOUT_RETURN_TYPE = YES_ERROR;
				GCC_WARN_UNDECLARED_SELECTOR = YES;
				GCC_WARN_UNINITIALIZED_AUTOS = YES_AGGRESSIVE;
				GCC_WARN_UNUSED_FUNCTION = YES;
				GCC_WARN_UNUSED_VARIABLE = YES;
				IPHONEOS_DEPLOYMENT_TARGET = 9.2;
				MTL_ENABLE_DEBUG_INFO = YES;
				ONLY_ACTIVE_ARCH = YES;
				SDKROOT = iphoneos;
			};
			name = Debug;
		};
		7ADD42881C3A1C0A007A577C /* Release */ = {
			isa = XCBuildConfiguration;
			buildSettings = {
				ALWAYS_SEARCH_USER_PATHS = NO;
				CLANG_CXX_LANGUAGE_STANDARD = "gnu++0x";
				CLANG_CXX_LIBRARY = "libc++";
				CLANG_ENABLE_MODULES = YES;
				CLANG_ENABLE_OBJC_ARC = YES;
				CLANG_WARN_BOOL_CONVERSION = YES;
				CLANG_WARN_CONSTANT_CONVERSION = YES;
				CLANG_WARN_DIRECT_OBJC_ISA_USAGE = YES_ERROR;
				CLANG_WARN_EMPTY_BODY = YES;
				CLANG_WARN_ENUM_CONVERSION = YES;
				CLANG_WARN_INT_CONVERSION = YES;
				CLANG_WARN_OBJC_ROOT_CLASS = YES_ERROR;
				CLANG_WARN_UNREACHABLE_CODE = YES;
				CLANG_WARN__DUPLICATE_METHOD_MATCH = YES;
				"CODE_SIGN_IDENTITY[sdk=iphoneos*]" = "iPhone Developer";
				COPY_PHASE_STRIP = NO;
				DEBUG_INFORMATION_FORMAT = "dwarf-with-dsym";
				ENABLE_NS_ASSERTIONS = NO;
				ENABLE_STRICT_OBJC_MSGSEND = YES;
				GCC_C_LANGUAGE_STANDARD = gnu99;
				GCC_NO_COMMON_BLOCKS = YES;
				GCC_WARN_64_TO_32_BIT_CONVERSION = YES;
				GCC_WARN_ABOUT_RETURN_TYPE = YES_ERROR;
				GCC_WARN_UNDECLARED_SELECTOR = YES;
				GCC_WARN_UNINITIALIZED_AUTOS = YES_AGGRESSIVE;
				GCC_WARN_UNUSED_FUNCTION = YES;
				GCC_WARN_UNUSED_VARIABLE = YES;
				IPHONEOS_DEPLOYMENT_TARGET = 9.2;
				MTL_ENABLE_DEBUG_INFO = NO;
				SDKROOT = iphoneos;
				VALIDATE_PRODUCT = YES;
			};
			name = Release;
		};
		7ADD428A1C3A1C0A007A577C /* Debug */ = {
			isa = XCBuildConfiguration;
			baseConfigurationReference = 24A339A741248407DAC6B111 /* Pods.debug.xcconfig */;
			buildSettings = {
				ASSETCATALOG_COMPILER_APPICON_NAME = AppIcon;
				ASSETCATALOG_COMPILER_LAUNCHIMAGE_NAME = LaunchImage;
				CLANG_ENABLE_OBJC_ARC = YES;
				CODE_SIGN_IDENTITY = "iPhone Developer";
				FRAMEWORK_SEARCH_PATHS = (
					"$(inherited)",
					"$(PROJECT_DIR)/HappyWeekDayer",
					"$(PROJECT_DIR)/HappyWeekDayer/Bmob_SDK_iOS_v1.6.6",
					"$(PROJECT_DIR)/HappyWeekDayer/Library/Bmob_SDK_iOS_v1.6.6",
				);
				GCC_PRECOMPILE_PREFIX_HEADER = YES;
				GCC_PREFIX_HEADER = "$(SRCROOT)/HappyWeekDayer/Library/PrefixHeader.pch";
				INFOPLIST_FILE = HappyWeekDayer/Info.plist;
				IPHONEOS_DEPLOYMENT_TARGET = 9.2;
				LD_RUNPATH_SEARCH_PATHS = "$(inherited) @executable_path/Frameworks";
				LIBRARY_SEARCH_PATHS = (
					"$(inherited)",
					"$(PROJECT_DIR)/HappyWeekDayer",
					"$(PROJECT_DIR)/build/Debug-iphoneos",
					"$(PROJECT_DIR)",
					"$(PROJECT_DIR)/HappyWeekDayer/libWeiboSDK",
					"$(PROJECT_DIR)/HappyWeekDayer/SDK1.6.2",
					"$(PROJECT_DIR)/HappyWeekDayer/Library/libWeiboSDK",
					"$(PROJECT_DIR)/HappyWeekDayer/Library/SDK1.6.2",
				);
				PRODUCT_BUNDLE_IDENTIFIER = Burapa.HappyWeekDayer;
				PRODUCT_NAME = "$(TARGET_NAME)";
			};
			name = Debug;
		};
		7ADD428B1C3A1C0A007A577C /* Release */ = {
			isa = XCBuildConfiguration;
			baseConfigurationReference = 1B904BEC016DF9D460C49137 /* Pods.release.xcconfig */;
			buildSettings = {
				ASSETCATALOG_COMPILER_APPICON_NAME = AppIcon;
				ASSETCATALOG_COMPILER_LAUNCHIMAGE_NAME = LaunchImage;
				CLANG_ENABLE_OBJC_ARC = YES;
				CODE_SIGN_IDENTITY = "iPhone Developer";
				FRAMEWORK_SEARCH_PATHS = (
					"$(inherited)",
					"$(PROJECT_DIR)/HappyWeekDayer",
					"$(PROJECT_DIR)/HappyWeekDayer/Bmob_SDK_iOS_v1.6.6",
					"$(PROJECT_DIR)/HappyWeekDayer/Library/Bmob_SDK_iOS_v1.6.6",
				);
				GCC_PRECOMPILE_PREFIX_HEADER = YES;
				GCC_PREFIX_HEADER = "$(SRCROOT)/HappyWeekDayer/Library/PrefixHeader.pch";
				INFOPLIST_FILE = HappyWeekDayer/Info.plist;
				IPHONEOS_DEPLOYMENT_TARGET = 9.2;
				LD_RUNPATH_SEARCH_PATHS = "$(inherited) @executable_path/Frameworks";
				LIBRARY_SEARCH_PATHS = (
					"$(inherited)",
					"$(PROJECT_DIR)/HappyWeekDayer",
					"$(PROJECT_DIR)/build/Debug-iphoneos",
					"$(PROJECT_DIR)",
					"$(PROJECT_DIR)/HappyWeekDayer/libWeiboSDK",
					"$(PROJECT_DIR)/HappyWeekDayer/SDK1.6.2",
					"$(PROJECT_DIR)/HappyWeekDayer/Library/libWeiboSDK",
					"$(PROJECT_DIR)/HappyWeekDayer/Library/SDK1.6.2",
				);
				PRODUCT_BUNDLE_IDENTIFIER = Burapa.HappyWeekDayer;
				PRODUCT_NAME = "$(TARGET_NAME)";
			};
			name = Release;
		};
/* End XCBuildConfiguration section */

/* Begin XCConfigurationList section */
		7ADD42731C3A1C09007A577C /* Build configuration list for PBXProject "HappyWeekDayer" */ = {
			isa = XCConfigurationList;
			buildConfigurations = (
				7ADD42871C3A1C0A007A577C /* Debug */,
				7ADD42881C3A1C0A007A577C /* Release */,
			);
			defaultConfigurationIsVisible = 0;
			defaultConfigurationName = Release;
		};
		7ADD42891C3A1C0A007A577C /* Build configuration list for PBXNativeTarget "HappyWeekDayer" */ = {
			isa = XCConfigurationList;
			buildConfigurations = (
				7ADD428A1C3A1C0A007A577C /* Debug */,
				7ADD428B1C3A1C0A007A577C /* Release */,
			);
			defaultConfigurationIsVisible = 0;
			defaultConfigurationName = Release;
		};
/* End XCConfigurationList section */
	};
	rootObject = 7ADD42701C3A1C09007A577C /* Project object */;
}
